
Microsoft Visual Studio Solution File, Format Version 12.00
# Visual Studio Version 16
VisualStudioVersion = 16.0.32930.78
MinimumVisualStudioVersion = 10.0.40219.1
Project("{FAE04EC0-301F-11D3-BF4B-00C04F79EFBC}") = "Leg Warmers", "Leg Warmers\Leg Warmers.csproj", "{05383930-7CBA-40D2-9763-6915193DF46F}"
EndProject
Global
	GlobalSection(SolutionConfigurationPlatforms) = preSolution
		Debug|Any CPU = Debug|Any CPU
		Release|Any CPU = Release|Any CPU
	EndGlobalSection
	GlobalSection(ProjectConfigurationPlatforms) = postSolution
		{05383930-7CBA-40D2-9763-6915193DF46F}.Debug|Any CPU.ActiveCfg = Debug|Any CPU
		{05383930-7CBA-40D2-9763-6915193DF46F}.Debug|Any CPU.Build.0 = Debug|Any CPU
		{05383930-7CBA-40D2-9763-6915193DF46F}.Release|Any CPU.ActiveCfg = Release|Any CPU
		{05383930-7CBA-40D2-9763-6915193DF46F}.Release|Any CPU.Build.0 = Release|Any CPU
	EndGlobalSection
	GlobalSection(SolutionProperties) = preSolution
		HideSolutionNode = FALSE
	EndGlobalSection
	GlobalSection(ExtensibilityGlobals) = postSolution
		SolutionGuid = {7F3E5BAD-8607-4160-8ED9-519B98C03D95}
	EndGlobalSection
EndGlobal
